
Microsoft Visual Studio Solution File, Format Version 11.00
# Visual Studio 2010
Project("{FAE04EC0-301F-11D3-BF4B-00C04F79EFBC}") = "SilverlightControls", "SilverlightControls\SilverlightControls.csproj", "{E649676C-03BB-4C6D-B8CE-70A4B29F9B6D}"
EndProject
Project("{FAE04EC0-301F-11D3-BF4B-00C04F79EFBC}") = "SilverlightControls.Web", "SilverlightControls.Web\SilverlightControls.Web.csproj", "{8AF571A1-1E33-4379-B12D-DD15C73819FD}"
EndProject
Project("{FAE04EC0-301F-11D3-BF4B-00C04F79EFBC}") = "NoName.Controls", "NoName.Controls\NoName.Controls.csproj", "{C5D077F4-679E-4F75-9D48-D6A7C14BCA07}"
EndProject
Global
	GlobalSection(SolutionConfigurationPlatforms) = preSolution
		Debug|Any CPU = Debug|Any CPU
		Release|Any CPU = Release|Any CPU
	EndGlobalSection
	GlobalSection(ProjectConfigurationPlatforms) = postSolution
		{E649676C-03BB-4C6D-B8CE-70A4B29F9B6D}.Debug|Any CPU.ActiveCfg = Debug|Any CPU
		{E649676C-03BB-4C6D-B8CE-70A4B29F9B6D}.Debug|Any CPU.Build.0 = Debug|Any CPU
		{E649676C-03BB-4C6D-B8CE-70A4B29F9B6D}.Release|Any CPU.ActiveCfg = Release|Any CPU
		{E649676C-03BB-4C6D-B8CE-70A4B29F9B6D}.Release|Any CPU.Build.0 = Release|Any CPU
		{8AF571A1-1E33-4379-B12D-DD15C73819FD}.Debug|Any CPU.ActiveCfg = Debug|Any CPU
		{8AF571A1-1E33-4379-B12D-DD15C73819FD}.Debug|Any CPU.Build.0 = Debug|Any CPU
		{8AF571A1-1E33-4379-B12D-DD15C73819FD}.Release|Any CPU.ActiveCfg = Release|Any CPU
		{8AF571A1-1E33-4379-B12D-DD15C73819FD}.Release|Any CPU.Build.0 = Release|Any CPU
		{C5D077F4-679E-4F75-9D48-D6A7C14BCA07}.Debug|Any CPU.ActiveCfg = Debug|Any CPU
		{C5D077F4-679E-4F75-9D48-D6A7C14BCA07}.Debug|Any CPU.Build.0 = Debug|Any CPU
		{C5D077F4-679E-4F75-9D48-D6A7C14BCA07}.Release|Any CPU.ActiveCfg = Release|Any CPU
		{C5D077F4-679E-4F75-9D48-D6A7C14BCA07}.Release|Any CPU.Build.0 = Release|Any CPU
	EndGlobalSection
	GlobalSection(SolutionProperties) = preSolution
		HideSolutionNode = FALSE
	EndGlobalSection
EndGlobal
